
Microsoft Visual Studio Solution File, Format Version 12.00
# Visual Studio Version 17
VisualStudioVersion = 17.5.002.0
MinimumVisualStudioVersion = 10.0.40219.1
Project("{9A19103F-16F7-4668-BE54-9A1E7A4F7556}") = "myapp", "myapp.csproj", "{AC716D23-4E1E-4060-9DA8-BD7362BA779C}"
EndProject
Global
	GlobalSection(SolutionConfigurationPlatforms) = preSolution
		Debug|Any CPU = Debug|Any CPU
		Release|Any CPU = Release|Any CPU
	EndGlobalSection
	GlobalSection(ProjectConfigurationPlatforms) = postSolution
		{AC716D23-4E1E-4060-9DA8-BD7362BA779C}.Debug|Any CPU.ActiveCfg = Debug|Any CPU
		{AC716D23-4E1E-4060-9DA8-BD7362BA779C}.Debug|Any CPU.Build.0 = Debug|Any CPU
		{AC716D23-4E1E-4060-9DA8-BD7362BA779C}.Release|Any CPU.ActiveCfg = Release|Any CPU
		{AC716D23-4E1E-4060-9DA8-BD7362BA779C}.Release|Any CPU.Build.0 = Release|Any CPU
	EndGlobalSection
	GlobalSection(SolutionProperties) = preSolution
		HideSolutionNode = FALSE
	EndGlobalSection
	GlobalSection(ExtensibilityGlobals) = postSolution
		SolutionGuid = {EB1D0FC1-B7E4-451D-8892-E46D3885F67A}
	EndGlobalSection
EndGlobal
